{
    "_readme": [
        "This file locks the dependencies of your project to a known state",
        "Read more about it at https://getcomposer.org/doc/01-basic-usage.md#installing-dependencies",
        "This file is @generated automatically"
    ],
    "content-hash": "9bedbeb08edf3148b095b4edce997025",
    "packages": [
        {
            "name": "unbug4120/php-simple-html",
            "version": "v1.0",
            "source": {
                "type": "git",
                "url": "https://github.com/unbug4120/php-simple-html.git",
                "reference": "02e5e6c9fff56fa2ca1a4dba03235feb5a89c50a"
            },
            "dist": {
                "type": "zip",
                "url": "https://api.github.com/repos/unbug4120/php-simple-html/zipball/02e5e6c9fff56fa2ca1a4dba03235feb5a89c50a",
                "reference": "02e5e6c9fff56fa2ca1a4dba03235feb5a89c50a",
                "shasum": ""
            },
            "require": {
                "ext-iconv": "*",
                "php": ">=5.6"
            },
            "require-dev": {
                "phpunit/phpunit": "^6 || ^7"
            },
            "suggest": {
                "ext-curl": "Needed to support cURL downloads in class HtmlWeb",
                "ext-mbstring": "Allows better decoding for multi-byte documents",
                "ext-openssl": "Allows loading HTTPS pages when using cURL"
            },
            "type": "library",
            "autoload": {
                "psr-0": {
                    "duongdat\\phpSimple\\HtmlDomParser": "src/"
                }
            },
            "notification-url": "https://packagist.org/downloads/",
            "license": [
                "MIT"
            ],
            "authors": [
                {
                    "name": "duongdat",
                    "role": "Developer"
                }
            ],
            "description": "A fast, simple and reliable HTML document parser for PHP.",
            "homepage": "https://simplehtmldom.sourceforge.io/",
            "keywords": [
                "Simple",
                "dom",
                "html",
                "parser",
                "php",
                "simplehtmldom"
            ],
            "support": {
                "issues": "https://sourceforge.net/p/simplehtmldom/bugs/",
                "rss": "https://sourceforge.net/p/simplehtmldom/news/feed.rss",
                "source": "https://sourceforge.net/p/simplehtmldom/repository/",
                "wiki": "https://simplehtmldom.sourceforge.io/docs/"
            },
            "time": "2021-05-04T07:50:55+00:00"
        }
    ],
    "packages-dev": [],
    "aliases": [],
    "minimum-stability": "stable",
    "stability-flags": [],
    "prefer-stable": false,
    "prefer-lowest": false,
    "platform": [],
    "platform-dev": [],
    "plugin-api-version": "2.0.0"
}
